
Microsoft Visual Studio Solution File, Format Version 12.00
# Visual Studio 15
VisualStudioVersion = 15.0.27428.2015
MinimumVisualStudioVersion = 10.0.40219.1
Project("{FAE04EC0-301F-11D3-BF4B-00C04F79EFBC}") = "Listas", "Listas\Listas.csproj", "{2B88C8F6-6F0E-46BA-AE18-BFB0618E0F14}"
EndProject
Global
	GlobalSection(SolutionConfigurationPlatforms) = preSolution
		Debug|Any CPU = Debug|Any CPU
		Release|Any CPU = Release|Any CPU
	EndGlobalSection
	GlobalSection(ProjectConfigurationPlatforms) = postSolution
		{2B88C8F6-6F0E-46BA-AE18-BFB0618E0F14}.Debug|Any CPU.ActiveCfg = Debug|Any CPU
		{2B88C8F6-6F0E-46BA-AE18-BFB0618E0F14}.Debug|Any CPU.Build.0 = Debug|Any CPU
		{2B88C8F6-6F0E-46BA-AE18-BFB0618E0F14}.Release|Any CPU.ActiveCfg = Release|Any CPU
		{2B88C8F6-6F0E-46BA-AE18-BFB0618E0F14}.Release|Any CPU.Build.0 = Release|Any CPU
	EndGlobalSection
	GlobalSection(SolutionProperties) = preSolution
		HideSolutionNode = FALSE
	EndGlobalSection
	GlobalSection(ExtensibilityGlobals) = postSolution
		SolutionGuid = {6E558B7C-8BF9-44AF-831C-20AE0902C519}
	EndGlobalSection
EndGlobal
